Microsoft Visual Studio Solution File, Format Version 12.00
# Visual Studio 2012
Project("{FAE04EC0-301F-11D3-BF4B-00C04F79EFBC}") = "SensorDataVisualisation", "SensorDataVisualisation.csproj", "{484F1F58-F889-42C2-A694-A9C7F003D89E}"
EndProject
Global
	GlobalSection(SolutionConfigurationPlatforms) = preSolution
	Debug|Any CPU = Debug|Any CPU
	ExportDebug|Any CPU = ExportDebug|Any CPU
	ExportRelease|Any CPU = ExportRelease|Any CPU
	EndGlobalSection
	GlobalSection(ProjectConfigurationPlatforms) = postSolution
		{484F1F58-F889-42C2-A694-A9C7F003D89E}.Debug|Any CPU.ActiveCfg = Debug|Any CPU
		{484F1F58-F889-42C2-A694-A9C7F003D89E}.Debug|Any CPU.Build.0 = Debug|Any CPU
		{484F1F58-F889-42C2-A694-A9C7F003D89E}.ExportDebug|Any CPU.ActiveCfg = ExportDebug|Any CPU
		{484F1F58-F889-42C2-A694-A9C7F003D89E}.ExportDebug|Any CPU.Build.0 = ExportDebug|Any CPU
		{484F1F58-F889-42C2-A694-A9C7F003D89E}.ExportRelease|Any CPU.ActiveCfg = ExportRelease|Any CPU
		{484F1F58-F889-42C2-A694-A9C7F003D89E}.ExportRelease|Any CPU.Build.0 = ExportRelease|Any CPU
	EndGlobalSection
EndGlobal
